
Microsoft Visual Studio Solution File, Format Version 12.00
# Visual Studio Version 17
VisualStudioVersion = 17.5.002.0
MinimumVisualStudioVersion = 10.0.40219.1
Project("{9A19103F-16F7-4668-BE54-9A1E7A4F7556}") = "shopping", "shopping.csproj", "{2A02225E-4122-474B-86E1-C8A1BAE39A50}"
EndProject
Global
	GlobalSection(SolutionConfigurationPlatforms) = preSolution
		Debug|Any CPU = Debug|Any CPU
		Release|Any CPU = Release|Any CPU
	EndGlobalSection
	GlobalSection(ProjectConfigurationPlatforms) = postSolution
		{2A02225E-4122-474B-86E1-C8A1BAE39A50}.Debug|Any CPU.ActiveCfg = Debug|Any CPU
		{2A02225E-4122-474B-86E1-C8A1BAE39A50}.Debug|Any CPU.Build.0 = Debug|Any CPU
		{2A02225E-4122-474B-86E1-C8A1BAE39A50}.Release|Any CPU.ActiveCfg = Release|Any CPU
		{2A02225E-4122-474B-86E1-C8A1BAE39A50}.Release|Any CPU.Build.0 = Release|Any CPU
	EndGlobalSection
	GlobalSection(SolutionProperties) = preSolution
		HideSolutionNode = FALSE
	EndGlobalSection
	GlobalSection(ExtensibilityGlobals) = postSolution
		SolutionGuid = {E80E36C1-C13C-4ED4-A640-B00CF49AEDC9}
	EndGlobalSection
EndGlobal
